<?xml version="1.0" encoding="utf-8"?>
<Project ToolsVersion="4.0" xmlns="http://schemas.microsoft.com/developer/msbuild/2003">
  <ItemGroup>
    <Filter Include="Display">
      <UniqueIdentifier>{b2ac7aed-f12d-40b0-8325-e3e934cf0ee8}</UniqueIdentifier>
    </Filter>
    <Filter Include="Include">
      <UniqueIdentifier>{8f576542-ad06-4619-9183-130d464a55f6}</UniqueIdentifier>
    </Filter>
    <Filter Include="Timing">
      <UniqueIdentifier>{2871891c-2453-4f8b-888f-354001a6df3a}</UniqueIdentifier>
    </Filter>
    <Filter Include="Display\SDL">
      <UniqueIdentifier>{2ac5863d-9d62-4ad6-8f07-3f4b62a7c1ec}</UniqueIdentifier>
    </Filter>
    <Filter Include="Layout">
      <UniqueIdentifier>{62b95018-b8a6-475b-8998-71ce918be468}</UniqueIdentifier>
    </Filter>
    <Filter Include="Geometry">
      <UniqueIdentifier>{38a71617-dab7-4cc7-9ff2-69e716f4c3e6}</UniqueIdentifier>
    </Filter>
  </ItemGroup>
  <ItemGroup>
    <ClInclude Include="..\..\..\Engine\Source\Engine.hpp" />
    <ClInclude Include="..\..\..\Engine\Include\Engine.hpp">
      <Filter>Include</Filter>
    </ClInclude>
    <ClInclude Include="..\..\..\Engine\Source\Display\Image.hpp">
      <Filter>Display</Filter>
    </ClInclude>
    <ClInclude Include="..\..\..\Engine\Source\Display\Color.hpp">
      <Filter>Display</Filter>
    </ClInclude>
    <ClInclude Include="..\..\..\Engine\Source\Display\Window.hpp">
      <Filter>Display</Filter>
    </ClInclude>
    <ClInclude Include="..\..\..\Engine\Source\Display\Display.hpp">
      <Filter>Display</Filter>
    </ClInclude>
    <ClInclude Include="..\..\..\Engine\Source\Timing\Rate.hpp">
      <Filter>Timing</Filter>
    </ClInclude>
    <ClInclude Include="..\..\..\Engine\Source\Timing\Clock.hpp">
      <Filter>Timing</Filter>
    </ClInclude>
    <ClInclude Include="..\..\..\Engine\Source\Display\SDL\WindowSDL.hpp">
      <Filter>Display\SDL</Filter>
    </ClInclude>
    <ClInclude Include="..\..\..\Engine\Source\Display\SDL\ImageSDL.hpp">
      <Filter>Display\SDL</Filter>
    </ClInclude>
    <ClInclude Include="..\..\..\Engine\Source\Layout\Zone.hpp">
      <Filter>Layout</Filter>
    </ClInclude>
    <ClInclude Include="..\..\..\Engine\Source\Layout\Layout.hpp">
      <Filter>Layout</Filter>
    </ClInclude>
    <ClInclude Include="..\..\..\Engine\Source\Display\Renderer.hpp">
      <Filter>Display</Filter>
    </ClInclude>
    <ClInclude Include="..\..\..\Engine\Source\Layout\Background.hpp">
      <Filter>Layout</Filter>
    </ClInclude>
    <ClInclude Include="..\..\..\Engine\Source\Display\Sprite.hpp">
      <Filter>Display</Filter>
    </ClInclude>
    <ClInclude Include="..\..\..\Engine\Source\Geometry\Point.hpp">
      <Filter>Geometry</Filter>
    </ClInclude>
    <ClInclude Include="..\..\..\Engine\Source\Geometry\Rectangle.hpp">
      <Filter>Geometry</Filter>
    </ClInclude>
    <ClInclude Include="..\..\..\Engine\Source\Geometry\Vector.hpp">
      <Filter>Geometry</Filter>
    </ClInclude>
    <ClInclude Include="..\..\..\Engine\Source\Geometry\Geometry.hpp">
      <Filter>Geometry</Filter>
    </ClInclude>
    <ClInclude Include="..\..\..\Engine\Source\Geometry\Motion.hpp">
      <Filter>Geometry</Filter>
    </ClInclude>
  </ItemGroup>
  <ItemGroup>
    <ClCompile Include="..\..\..\Engine\Source\Engine.Win32.cpp" />
    <ClCompile Include="..\..\..\Engine\Source\Display\Image.cpp">
      <Filter>Display</Filter>
    </ClCompile>
    <ClCompile Include="..\..\..\Engine\Source\Display\Window.cpp">
      <Filter>Display</Filter>
    </ClCompile>
    <ClCompile Include="..\..\..\Engine\Source\Timing\Rate.cpp">
      <Filter>Timing</Filter>
    </ClCompile>
    <ClCompile Include="..\..\..\Engine\Source\Timing\Clock.cpp">
      <Filter>Timing</Filter>
    </ClCompile>
    <ClCompile Include="..\..\..\Engine\Source\Display\SDL\WindowSDL.cpp">
      <Filter>Display\SDL</Filter>
    </ClCompile>
    <ClCompile Include="..\..\..\Engine\Source\Display\SDL\ImageSDL.cpp">
      <Filter>Display\SDL</Filter>
    </ClCompile>
    <ClCompile Include="..\..\..\Engine\Source\Layout\Zone.cpp">
      <Filter>Layout</Filter>
    </ClCompile>
    <ClCompile Include="..\..\..\Engine\Source\Layout\Background.cpp">
      <Filter>Layout</Filter>
    </ClCompile>
    <ClCompile Include="..\..\..\Engine\Source\Display\Sprite.cpp">
      <Filter>Display</Filter>
    </ClCompile>
    <ClCompile Include="..\..\..\Engine\Source\Geometry\Vector.cpp">
      <Filter>Geometry</Filter>
    </ClCompile>
    <ClCompile Include="..\..\..\Engine\Source\Geometry\Point.cpp">
      <Filter>Geometry</Filter>
    </ClCompile>
    <ClCompile Include="..\..\..\Engine\Source\Geometry\Motion.cpp">
      <Filter>Geometry</Filter>
    </ClCompile>
  </ItemGroup>
</Project>